
Microsoft Visual Studio Solution File, Format Version 11.00
# Visual Studio 2010
Project("{8BC9CEB8-8B4A-11D0-8D11-00A0C91BC942}") = "简单约瑟夫求解", "简单约瑟夫求解\简单约瑟夫求解.vcxproj", "{D18AD7B4-D464-4714-8372-A417A30F97DE}"
EndProject
Global
	GlobalSection(SolutionConfigurationPlatforms) = preSolution
		Debug|Win32 = Debug|Win32
		Release|Win32 = Release|Win32
	EndGlobalSection
	GlobalSection(ProjectConfigurationPlatforms) = postSolution
		{D18AD7B4-D464-4714-8372-A417A30F97DE}.Debug|Win32.ActiveCfg = Debug|Win32
		{D18AD7B4-D464-4714-8372-A417A30F97DE}.Debug|Win32.Build.0 = Debug|Win32
		{D18AD7B4-D464-4714-8372-A417A30F97DE}.Release|Win32.ActiveCfg = Release|Win32
		{D18AD7B4-D464-4714-8372-A417A30F97DE}.Release|Win32.Build.0 = Release|Win32
	EndGlobalSection
	GlobalSection(SolutionProperties) = preSolution
		HideSolutionNode = FALSE
	EndGlobalSection
EndGlobal
