
Microsoft Visual Studio Solution File, Format Version 11.00
# Visual Studio 2010
Project("{8BC9CEB8-8B4A-11D0-8D11-00A0C91BC942}") = "顺序查找", "顺序查找\顺序查找.vcxproj", "{350D70A4-749B-4C95-A452-D474F6E5C35F}"
EndProject
Global
	GlobalSection(SolutionConfigurationPlatforms) = preSolution
		Debug|Win32 = Debug|Win32
		Release|Win32 = Release|Win32
	EndGlobalSection
	GlobalSection(ProjectConfigurationPlatforms) = postSolution
		{350D70A4-749B-4C95-A452-D474F6E5C35F}.Debug|Win32.ActiveCfg = Debug|Win32
		{350D70A4-749B-4C95-A452-D474F6E5C35F}.Debug|Win32.Build.0 = Debug|Win32
		{350D70A4-749B-4C95-A452-D474F6E5C35F}.Release|Win32.ActiveCfg = Release|Win32
		{350D70A4-749B-4C95-A452-D474F6E5C35F}.Release|Win32.Build.0 = Release|Win32
	EndGlobalSection
	GlobalSection(SolutionProperties) = preSolution
		HideSolutionNode = FALSE
	EndGlobalSection
EndGlobal
