
Microsoft Visual Studio Solution File, Format Version 11.00
# Visual Studio 2010
Project("{8BC9CEB8-8B4A-11D0-8D11-00A0C91BC942}") = "Shell排序算法", "Shell排序算法\Shell排序算法.vcxproj", "{63546F1D-9CFD-46FA-AEE7-B9D6FF8873AB}"
EndProject
Global
	GlobalSection(SolutionConfigurationPlatforms) = preSolution
		Debug|Win32 = Debug|Win32
		Release|Win32 = Release|Win32
	EndGlobalSection
	GlobalSection(ProjectConfigurationPlatforms) = postSolution
		{63546F1D-9CFD-46FA-AEE7-B9D6FF8873AB}.Debug|Win32.ActiveCfg = Debug|Win32
		{63546F1D-9CFD-46FA-AEE7-B9D6FF8873AB}.Debug|Win32.Build.0 = Debug|Win32
		{63546F1D-9CFD-46FA-AEE7-B9D6FF8873AB}.Release|Win32.ActiveCfg = Release|Win32
		{63546F1D-9CFD-46FA-AEE7-B9D6FF8873AB}.Release|Win32.Build.0 = Release|Win32
	EndGlobalSection
	GlobalSection(SolutionProperties) = preSolution
		HideSolutionNode = FALSE
	EndGlobalSection
EndGlobal
