
Microsoft Visual Studio Solution File, Format Version 11.00
# Visual Studio 2010
Project("{8BC9CEB8-8B4A-11D0-8D11-00A0C91BC942}") = "冒泡排序算法", "冒泡排序算法\冒泡排序算法.vcxproj", "{4D4021FE-BAD8-46B3-8AE6-EF0AC31B9F6D}"
EndProject
Global
	GlobalSection(SolutionConfigurationPlatforms) = preSolution
		Debug|Win32 = Debug|Win32
		Release|Win32 = Release|Win32
	EndGlobalSection
	GlobalSection(ProjectConfigurationPlatforms) = postSolution
		{4D4021FE-BAD8-46B3-8AE6-EF0AC31B9F6D}.Debug|Win32.ActiveCfg = Debug|Win32
		{4D4021FE-BAD8-46B3-8AE6-EF0AC31B9F6D}.Debug|Win32.Build.0 = Debug|Win32
		{4D4021FE-BAD8-46B3-8AE6-EF0AC31B9F6D}.Release|Win32.ActiveCfg = Release|Win32
		{4D4021FE-BAD8-46B3-8AE6-EF0AC31B9F6D}.Release|Win32.Build.0 = Release|Win32
	EndGlobalSection
	GlobalSection(SolutionProperties) = preSolution
		HideSolutionNode = FALSE
	EndGlobalSection
EndGlobal
