
Microsoft Visual Studio Solution File, Format Version 11.00
# Visual Studio 2010
Project("{8BC9CEB8-8B4A-11D0-8D11-00A0C91BC942}") = "复杂约瑟夫环求解", "复杂约瑟夫环求解\复杂约瑟夫环求解.vcxproj", "{3364155B-8D60-4AA0-863E-8887EB14B944}"
EndProject
Global
	GlobalSection(SolutionConfigurationPlatforms) = preSolution
		Debug|Win32 = Debug|Win32
		Release|Win32 = Release|Win32
	EndGlobalSection
	GlobalSection(ProjectConfigurationPlatforms) = postSolution
		{3364155B-8D60-4AA0-863E-8887EB14B944}.Debug|Win32.ActiveCfg = Debug|Win32
		{3364155B-8D60-4AA0-863E-8887EB14B944}.Debug|Win32.Build.0 = Debug|Win32
		{3364155B-8D60-4AA0-863E-8887EB14B944}.Release|Win32.ActiveCfg = Release|Win32
		{3364155B-8D60-4AA0-863E-8887EB14B944}.Release|Win32.Build.0 = Release|Win32
	EndGlobalSection
	GlobalSection(SolutionProperties) = preSolution
		HideSolutionNode = FALSE
	EndGlobalSection
EndGlobal
